
Microsoft Visual Studio Solution File, Format Version 12.00
# Visual Studio Version 16
VisualStudioVersion = 16.0.31702.278
MinimumVisualStudioVersion = 10.0.40219.1
Project("{9A19103F-16F7-4668-BE54-9A1E7A4F7556}") = "Formularios", "Formularios\Formularios.csproj", "{A3820B88-3BF3-4987-952B-E9D65F3C0A57}"
EndProject
Project("{FAE04EC0-301F-11D3-BF4B-00C04F79EFBC}") = "Biblioteca", "Biblioteca\Biblioteca.csproj", "{993016DE-AC8B-4EA6-909C-8222676D1AA8}"
EndProject
Global
	GlobalSection(SolutionConfigurationPlatforms) = preSolution
		Debug|Any CPU = Debug|Any CPU
		Release|Any CPU = Release|Any CPU
	EndGlobalSection
	GlobalSection(ProjectConfigurationPlatforms) = postSolution
		{A3820B88-3BF3-4987-952B-E9D65F3C0A57}.Debug|Any CPU.ActiveCfg = Debug|Any CPU
		{A3820B88-3BF3-4987-952B-E9D65F3C0A57}.Debug|Any CPU.Build.0 = Debug|Any CPU
		{A3820B88-3BF3-4987-952B-E9D65F3C0A57}.Release|Any CPU.ActiveCfg = Release|Any CPU
		{A3820B88-3BF3-4987-952B-E9D65F3C0A57}.Release|Any CPU.Build.0 = Release|Any CPU
		{993016DE-AC8B-4EA6-909C-8222676D1AA8}.Debug|Any CPU.ActiveCfg = Debug|Any CPU
		{993016DE-AC8B-4EA6-909C-8222676D1AA8}.Debug|Any CPU.Build.0 = Debug|Any CPU
		{993016DE-AC8B-4EA6-909C-8222676D1AA8}.Release|Any CPU.ActiveCfg = Release|Any CPU
		{993016DE-AC8B-4EA6-909C-8222676D1AA8}.Release|Any CPU.Build.0 = Release|Any CPU
	EndGlobalSection
	GlobalSection(SolutionProperties) = preSolution
		HideSolutionNode = FALSE
	EndGlobalSection
	GlobalSection(ExtensibilityGlobals) = postSolution
		SolutionGuid = {5C46FF68-8D43-4F95-8012-83B4CE2A9D83}
	EndGlobalSection
EndGlobal
